// !$*UTF8*$!
{
	archiveVersion = 1;
	classes = {
	};
	objectVersion = 46;
	objects = {

/* Begin PBXBuildFile section */
		1B44F95C1B5D1D66001F1204 /* AppDelegate.swift in Sources */ = {isa = PBXBuildFile; fileRef = 1B44F95B1B5D1D66001F1204 /* AppDelegate.swift */; };
		1B44F9631B5D1D66001F1204 /* Images.xcassets in Resources */ = {isa = PBXBuildFile; fileRef = 1B44F9621B5D1D66001F1204 /* Images.xcassets */; };
		1B44F9661B5D1D66001F1204 /* LaunchScreen.xib in Resources */ = {isa = PBXBuildFile; fileRef = 1B44F9641B5D1D66001F1204 /* LaunchScreen.xib */; };
		1B44F9721B5D1D66001F1204 /* ImageManagerDemoTests.swift in Sources */ = {isa = PBXBuildFile; fileRef = 1B44F9711B5D1D66001F1204 /* ImageManagerDemoTests.swift */; };
		1B5517611B60C662003F8072 /* Photos.framework in Frameworks */ = {isa = PBXBuildFile; fileRef = 1B5517601B60C662003F8072 /* Photos.framework */; };
		B57005131CF6F83C00E0C97A /* ImageManager.framework in Frameworks */ = {isa = PBXBuildFile; fileRef = B57005121CF6F83C00E0C97A /* ImageManager.framework */; };
		B57005141CF6F83C00E0C97A /* ImageManager.framework in Embed Frameworks */ = {isa = PBXBuildFile; fileRef = B57005121CF6F83C00E0C97A /* ImageManager.framework */; settings = {ATTRIBUTES = (CodeSignOnCopy, RemoveHeadersOnCopy, ); }; };
		B5F967021C243E5B005F5381 /* AddPhotoViewController.swift in Sources */ = {isa = PBXBuildFile; fileRef = B5F967001C243E5B005F5381 /* AddPhotoViewController.swift */; };
		B5F967031C243E5B005F5381 /* AddPhotoViewController.xib in Resources */ = {isa = PBXBuildFile; fileRef = B5F967011C243E5B005F5381 /* AddPhotoViewController.xib */; };
		C9E34A601B626AB70071B6DC /* AVFoundation.framework in Frameworks */ = {isa = PBXBuildFile; fileRef = C9E34A5F1B626AB70071B6DC /* AVFoundation.framework */; };
/* End PBXBuildFile section */

/* Begin PBXContainerItemProxy section */
		1B44F96C1B5D1D66001F1204 /* PBXContainerItemProxy */ = {
			isa = PBXContainerItemProxy;
			containerPortal = 1B44F94E1B5D1D65001F1204 /* Project object */;
			proxyType = 1;
			remoteGlobalIDString = 1B44F9551B5D1D65001F1204;
			remoteInfo = ImageManager;
		};
/* End PBXContainerItemProxy section */

/* Begin PBXCopyFilesBuildPhase section */
		B5F967071C243EC1005F5381 /* Embed Frameworks */ = {
			isa = PBXCopyFilesBuildPhase;
			buildActionMask = 2147483647;
			dstPath = "";
			dstSubfolderSpec = 10;
			files = (
				B57005141CF6F83C00E0C97A /* ImageManager.framework in Embed Frameworks */,
			);
			name = "Embed Frameworks";
			runOnlyForDeploymentPostprocessing = 0;
		};
/* End PBXCopyFilesBuildPhase section */

/* Begin PBXFileReference section */
		1B44F9561B5D1D65001F1204 /* ImageManagerDemo.app */ = {isa = PBXFileReference; explicitFileType = wrapper.application; includeInIndex = 0; path = ImageManagerDemo.app; sourceTree = BUILT_PRODUCTS_DIR; };
		1B44F95A1B5D1D65001F1204 /* Info.plist */ = {isa = PBXFileReference; lastKnownFileType = text.plist.xml; path = Info.plist; sourceTree = "<group>"; };
		1B44F95B1B5D1D66001F1204 /* AppDelegate.swift */ = {isa = PBXFileReference; lastKnownFileType = sourcecode.swift; path = AppDelegate.swift; sourceTree = "<group>"; };
		1B44F9621B5D1D66001F1204 /* Images.xcassets */ = {isa = PBXFileReference; lastKnownFileType = folder.assetcatalog; path = Images.xcassets; sourceTree = "<group>"; };
		1B44F9651B5D1D66001F1204 /* Base */ = {isa = PBXFileReference; lastKnownFileType = file.xib; name = Base; path = Base.lproj/LaunchScreen.xib; sourceTree = "<group>"; };
		1B44F96B1B5D1D66001F1204 /* ImageManagerDemo.xctest */ = {isa = PBXFileReference; explicitFileType = wrapper.cfbundle; includeInIndex = 0; path = ImageManagerDemo.xctest; sourceTree = BUILT_PRODUCTS_DIR; };
		1B44F9701B5D1D66001F1204 /* Info.plist */ = {isa = PBXFileReference; lastKnownFileType = text.plist.xml; path = Info.plist; sourceTree = "<group>"; };
		1B44F9711B5D1D66001F1204 /* ImageManagerDemoTests.swift */ = {isa = PBXFileReference; lastKnownFileType = sourcecode.swift; path = ImageManagerDemoTests.swift; sourceTree = "<group>"; };
		1B5517601B60C662003F8072 /* Photos.framework */ = {isa = PBXFileReference; lastKnownFileType = wrapper.framework; name = Photos.framework; path = System/Library/Frameworks/Photos.framework; sourceTree = SDKROOT; };
		B57005121CF6F83C00E0C97A /* ImageManager.framework */ = {isa = PBXFileReference; lastKnownFileType = wrapper.framework; path = ImageManager.framework; sourceTree = "<group>"; };
		B5F967001C243E5B005F5381 /* AddPhotoViewController.swift */ = {isa = PBXFileReference; fileEncoding = 4; lastKnownFileType = sourcecode.swift; path = AddPhotoViewController.swift; sourceTree = "<group>"; };
		B5F967011C243E5B005F5381 /* AddPhotoViewController.xib */ = {isa = PBXFileReference; fileEncoding = 4; lastKnownFileType = file.xib; path = AddPhotoViewController.xib; sourceTree = "<group>"; };
		C9E34A5F1B626AB70071B6DC /* AVFoundation.framework */ = {isa = PBXFileReference; lastKnownFileType = wrapper.framework; name = AVFoundation.framework; path = System/Library/Frameworks/AVFoundation.framework; sourceTree = SDKROOT; };
/* End PBXFileReference section */

/* Begin PBXFrameworksBuildPhase section */
		1B44F9531B5D1D65001F1204 /* Frameworks */ = {
			isa = PBXFrameworksBuildPhase;
			buildActionMask = 2147483647;
			files = (
				B57005131CF6F83C00E0C97A /* ImageManager.framework in Frameworks */,
				C9E34A601B626AB70071B6DC /* AVFoundation.framework in Frameworks */,
				1B5517611B60C662003F8072 /* Photos.framework in Frameworks */,
			);
			runOnlyForDeploymentPostprocessing = 0;
		};
		1B44F9681B5D1D66001F1204 /* Frameworks */ = {
			isa = PBXFrameworksBuildPhase;
			buildActionMask = 2147483647;
			files = (
			);
			runOnlyForDeploymentPostprocessing = 0;
		};
/* End PBXFrameworksBuildPhase section */

/* Begin PBXGroup section */
		1B44F94D1B5D1D65001F1204 = {
			isa = PBXGroup;
			children = (
				1B44F9581B5D1D65001F1204 /* ImageManagerDemo */,
				1B44F96E1B5D1D66001F1204 /* ImageManagerDemoTests */,
				1B5517621B60C675003F8072 /* Frameworks */,
				1B44F9571B5D1D65001F1204 /* Products */,
			);
			sourceTree = "<group>";
		};
		1B44F9571B5D1D65001F1204 /* Products */ = {
			isa = PBXGroup;
			children = (
				1B44F9561B5D1D65001F1204 /* ImageManagerDemo.app */,
				1B44F96B1B5D1D66001F1204 /* ImageManagerDemo.xctest */,
			);
			name = Products;
			sourceTree = "<group>";
		};
		1B44F9581B5D1D65001F1204 /* ImageManagerDemo */ = {
			isa = PBXGroup;
			children = (
				B5F967001C243E5B005F5381 /* AddPhotoViewController.swift */,
				B5F967011C243E5B005F5381 /* AddPhotoViewController.xib */,
				1B44F95B1B5D1D66001F1204 /* AppDelegate.swift */,
				1B44F9641B5D1D66001F1204 /* LaunchScreen.xib */,
				1B55175F1B60C3ED003F8072 /* Resources */,
				1B44F9591B5D1D65001F1204 /* Supporting Files */,
			);
			path = ImageManagerDemo;
			sourceTree = "<group>";
		};
		1B44F9591B5D1D65001F1204 /* Supporting Files */ = {
			isa = PBXGroup;
			children = (
				1B44F95A1B5D1D65001F1204 /* Info.plist */,
			);
			name = "Supporting Files";
			sourceTree = "<group>";
		};
		1B44F96E1B5D1D66001F1204 /* ImageManagerDemoTests */ = {
			isa = PBXGroup;
			children = (
				1B44F9711B5D1D66001F1204 /* ImageManagerDemoTests.swift */,
				1B44F96F1B5D1D66001F1204 /* Supporting Files */,
			);
			path = ImageManagerDemoTests;
			sourceTree = "<group>";
		};
		1B44F96F1B5D1D66001F1204 /* Supporting Files */ = {
			isa = PBXGroup;
			children = (
				1B44F9701B5D1D66001F1204 /* Info.plist */,
			);
			name = "Supporting Files";
			sourceTree = "<group>";
		};
		1B55175F1B60C3ED003F8072 /* Resources */ = {
			isa = PBXGroup;
			children = (
				1B44F9621B5D1D66001F1204 /* Images.xcassets */,
			);
			name = Resources;
			sourceTree = "<group>";
		};
		1B5517621B60C675003F8072 /* Frameworks */ = {
			isa = PBXGroup;
			children = (
				B57005121CF6F83C00E0C97A /* ImageManager.framework */,
				C9E34A5F1B626AB70071B6DC /* AVFoundation.framework */,
				1B5517601B60C662003F8072 /* Photos.framework */,
			);
			name = Frameworks;
			sourceTree = "<group>";
		};
/* End PBXGroup section */

/* Begin PBXNativeTarget section */
		1B44F9551B5D1D65001F1204 /* ImageManagerDemo */ = {
			isa = PBXNativeTarget;
			buildConfigurationList = 1B44F9751B5D1D66001F1204 /* Build configuration list for PBXNativeTarget "ImageManagerDemo" */;
			buildPhases = (
				1B44F9521B5D1D65001F1204 /* Sources */,
				1B44F9531B5D1D65001F1204 /* Frameworks */,
				1B44F9541B5D1D65001F1204 /* Resources */,
				B5F967071C243EC1005F5381 /* Embed Frameworks */,
			);
			buildRules = (
			);
			dependencies = (
			);
			name = ImageManagerDemo;
			productName = ImageManager;
			productReference = 1B44F9561B5D1D65001F1204 /* ImageManagerDemo.app */;
			productType = "com.apple.product-type.application";
		};
		1B44F96A1B5D1D66001F1204 /* ImageManagerDemoTests */ = {
			isa = PBXNativeTarget;
			buildConfigurationList = 1B44F9781B5D1D66001F1204 /* Build configuration list for PBXNativeTarget "ImageManagerDemoTests" */;
			buildPhases = (
				1B44F9671B5D1D66001F1204 /* Sources */,
				1B44F9681B5D1D66001F1204 /* Frameworks */,
				1B44F9691B5D1D66001F1204 /* Resources */,
			);
			buildRules = (
			);
			dependencies = (
				1B44F96D1B5D1D66001F1204 /* PBXTargetDependency */,
			);
			name = ImageManagerDemoTests;
			productName = ImageManagerTests;
			productReference = 1B44F96B1B5D1D66001F1204 /* ImageManagerDemo.xctest */;
			productType = "com.apple.product-type.bundle.unit-test";
		};
/* End PBXNativeTarget section */

/* Begin PBXProject section */
		1B44F94E1B5D1D65001F1204 /* Project object */ = {
			isa = PBXProject;
			attributes = {
				LastSwiftUpdateCheck = 0710;
				LastUpgradeCheck = 0920;
				ORGANIZATIONNAME = 3PillarGlobal;
				TargetAttributes = {
					1B44F9551B5D1D65001F1204 = {
						CreatedOnToolsVersion = 6.4;
						DevelopmentTeam = TMQ7PR2UWW;
					};
					1B44F96A1B5D1D66001F1204 = {
						CreatedOnToolsVersion = 6.4;
						TestTargetID = 1B44F9551B5D1D65001F1204;
					};
				};
			};
			buildConfigurationList = 1B44F9511B5D1D65001F1204 /* Build configuration list for PBXProject "ImageManagerDemo" */;
			compatibilityVersion = "Xcode 3.2";
			developmentRegion = English;
			hasScannedForEncodings = 0;
			knownRegions = (
				en,
				Base,
			);
			mainGroup = 1B44F94D1B5D1D65001F1204;
			productRefGroup = 1B44F9571B5D1D65001F1204 /* Products */;
			projectDirPath = "";
			projectRoot = "";
			targets = (
				1B44F9551B5D1D65001F1204 /* ImageManagerDemo */,
				1B44F96A1B5D1D66001F1204 /* ImageManagerDemoTests */,
			);
		};
/* End PBXProject section */

/* Begin PBXResourcesBuildPhase section */
		1B44F9541B5D1D65001F1204 /* Resources */ = {
			isa = PBXResourcesBuildPhase;
			buildActionMask = 2147483647;
			files = (
				1B44F9661B5D1D66001F1204 /* LaunchScreen.xib in Resources */,
				B5F967031C243E5B005F5381 /* AddPhotoViewController.xib in Resources */,
				1B44F9631B5D1D66001F1204 /* Images.xcassets in Resources */,
			);
			runOnlyForDeploymentPostprocessing = 0;
		};
		1B44F9691B5D1D66001F1204 /* Resources */ = {
			isa = PBXResourcesBuildPhase;
			buildActionMask = 2147483647;
			files = (
			);
			runOnlyForDeploymentPostprocessing = 0;
		};
/* End PBXResourcesBuildPhase section */

/* Begin PBXSourcesBuildPhase section */
		1B44F9521B5D1D65001F1204 /* Sources */ = {
			isa = PBXSourcesBuildPhase;
			buildActionMask = 2147483647;
			files = (
				1B44F95C1B5D1D66001F1204 /* AppDelegate.swift in Sources */,
				B5F967021C243E5B005F5381 /* AddPhotoViewController.swift in Sources */,
			);
			runOnlyForDeploymentPostprocessing = 0;
		};
		1B44F9671B5D1D66001F1204 /* Sources */ = {
			isa = PBXSourcesBuildPhase;
			buildActionMask = 2147483647;
			files = (
				1B44F9721B5D1D66001F1204 /* ImageManagerDemoTests.swift in Sources */,
			);
			runOnlyForDeploymentPostprocessing = 0;
		};
/* End PBXSourcesBuildPhase section */

/* Begin PBXTargetDependency section */
		1B44F96D1B5D1D66001F1204 /* PBXTargetDependency */ = {
			isa = PBXTargetDependency;
			target = 1B44F9551B5D1D65001F1204 /* ImageManagerDemo */;
			targetProxy = 1B44F96C1B5D1D66001F1204 /* PBXContainerItemProxy */;
		};
/* End PBXTargetDependency section */

/* Begin PBXVariantGroup section */
		1B44F9641B5D1D66001F1204 /* LaunchScreen.xib */ = {
			isa = PBXVariantGroup;
			children = (
				1B44F9651B5D1D66001F1204 /* Base */,
			);
			name = LaunchScreen.xib;
			sourceTree = "<group>";
		};
/* End PBXVariantGroup section */

/* Begin XCBuildConfiguration section */
		1B44F9731B5D1D66001F1204 /* Debug */ = {
			isa = XCBuildConfiguration;
			buildSettings = {
				ALWAYS_SEARCH_USER_PATHS = NO;
				CLANG_CXX_LANGUAGE_STANDARD = "gnu++0x";
				CLANG_CXX_LIBRARY = "libc++";
				CLANG_ENABLE_MODULES = YES;
				CLANG_ENABLE_OBJC_ARC = YES;
				CLANG_WARN_BLOCK_CAPTURE_AUTORELEASING = YES;
				CLANG_WARN_BOOL_CONVERSION = YES;
				CLANG_WARN_COMMA = YES;
				CLANG_WARN_CONSTANT_CONVERSION = YES;
				CLANG_WARN_DIRECT_OBJC_ISA_USAGE = YES_ERROR;
				CLANG_WARN_EMPTY_BODY = YES;
				CLANG_WARN_ENUM_CONVERSION = YES;
				CLANG_WARN_INFINITE_RECURSION = YES;
				CLANG_WARN_INT_CONVERSION = YES;
				CLANG_WARN_NON_LITERAL_NULL_CONVERSION = YES;
				CLANG_WARN_OBJC_LITERAL_CONVERSION = YES;
				CLANG_WARN_OBJC_ROOT_CLASS = YES_ERROR;
				CLANG_WARN_RANGE_LOOP_ANALYSIS = YES;
				CLANG_WARN_STRICT_PROTOTYPES = YES;
				CLANG_WARN_SUSPICIOUS_MOVE = YES;
				CLANG_WARN_UNREACHABLE_CODE = YES;
				CLANG_WARN__DUPLICATE_METHOD_MATCH = YES;
				"CODE_SIGN_IDENTITY[sdk=iphoneos*]" = "iPhone Developer";
				COPY_PHASE_STRIP = NO;
				DEBUG_INFORMATION_FORMAT = "dwarf-with-dsym";
				ENABLE_STRICT_OBJC_MSGSEND = YES;
				ENABLE_TESTABILITY = YES;
				GCC_C_LANGUAGE_STANDARD = gnu99;
				GCC_DYNAMIC_NO_PIC = NO;
				GCC_NO_COMMON_BLOCKS = YES;
				GCC_OPTIMIZATION_LEVEL = 0;
				GCC_PREPROCESSOR_DEFINITIONS = (
					"DEBUG=1",
					"$(inherited)",
				);
				GCC_SYMBOLS_PRIVATE_EXTERN = NO;
				GCC_WARN_64_TO_32_BIT_CONVERSION = YES;
				GCC_WARN_ABOUT_RETURN_TYPE = YES_ERROR;
				GCC_WARN_UNDECLARED_SELECTOR = YES;
				GCC_WARN_UNINITIALIZED_AUTOS = YES_AGGRESSIVE;
				GCC_WARN_UNUSED_FUNCTION = YES;
				GCC_WARN_UNUSED_VARIABLE = YES;
				IPHONEOS_DEPLOYMENT_TARGET = 8.4;
				MTL_ENABLE_DEBUG_INFO = YES;
				ONLY_ACTIVE_ARCH = YES;
				SDKROOT = iphoneos;
				SWIFT_OPTIMIZATION_LEVEL = "-Onone";
				TARGETED_DEVICE_FAMILY = "1,2";
			};
			name = Debug;
		};
		1B44F9741B5D1D66001F1204 /* Release */ = {
			isa = XCBuildConfiguration;
			buildSettings = {
				ALWAYS_SEARCH_USER_PATHS = NO;
				CLANG_CXX_LANGUAGE_STANDARD = "gnu++0x";
				CLANG_CXX_LIBRARY = "libc++";
				CLANG_ENABLE_MODULES = YES;
				CLANG_ENABLE_OBJC_ARC = YES;
				CLANG_WARN_BLOCK_CAPTURE_AUTORELEASING = YES;
				CLANG_WARN_BOOL_CONVERSION = YES;
				CLANG_WARN_COMMA = YES;
				CLANG_WARN_CONSTANT_CONVERSION = YES;
				CLANG_WARN_DIRECT_OBJC_ISA_USAGE = YES_ERROR;
				CLANG_WARN_EMPTY_BODY = YES;
				CLANG_WARN_ENUM_CONVERSION = YES;
				CLANG_WARN_INFINITE_RECURSION = YES;
				CLANG_WARN_INT_CONVERSION = YES;
				CLANG_WARN_NON_LITERAL_NULL_CONVERSION = YES;
				CLANG_WARN_OBJC_LITERAL_CONVERSION = YES;
				CLANG_WARN_OBJC_ROOT_CLASS = YES_ERROR;
				CLANG_WARN_RANGE_LOOP_ANALYSIS = YES;
				CLANG_WARN_STRICT_PROTOTYPES = YES;
				CLANG_WARN_SUSPICIOUS_MOVE = YES;
				CLANG_WARN_UNREACHABLE_CODE = YES;
				CLANG_WARN__DUPLICATE_METHOD_MATCH = YES;
				"CODE_SIGN_IDENTITY[sdk=iphoneos*]" = "iPhone Developer";
				COPY_PHASE_STRIP = NO;
				DEBUG_INFORMATION_FORMAT = "dwarf-with-dsym";
				ENABLE_NS_ASSERTIONS = NO;
				ENABLE_STRICT_OBJC_MSGSEND = YES;
				GCC_C_LANGUAGE_STANDARD = gnu99;
				GCC_NO_COMMON_BLOCKS = YES;
				GCC_WARN_64_TO_32_BIT_CONVERSION = YES;
				GCC_WARN_ABOUT_RETURN_TYPE = YES_ERROR;
				GCC_WARN_UNDECLARED_SELECTOR = YES;
				GCC_WARN_UNINITIALIZED_AUTOS = YES_AGGRESSIVE;
				GCC_WARN_UNUSED_FUNCTION = YES;
				GCC_WARN_UNUSED_VARIABLE = YES;
				IPHONEOS_DEPLOYMENT_TARGET = 8.4;
				MTL_ENABLE_DEBUG_INFO = NO;
				SDKROOT = iphoneos;
				SWIFT_OPTIMIZATION_LEVEL = "-Owholemodule";
				TARGETED_DEVICE_FAMILY = "1,2";
				VALIDATE_PRODUCT = YES;
			};
			name = Release;
		};
		1B44F9761B5D1D66001F1204 /* Debug */ = {
			isa = XCBuildConfiguration;
			buildSettings = {
				ASSETCATALOG_COMPILER_APPICON_NAME = AppIcon;
				CODE_SIGN_IDENTITY = "iPhone Developer";
				FRAMEWORK_SEARCH_PATHS = (
					"$(inherited)",
					"$(PROJECT_DIR)",
				);
				INFOPLIST_FILE = "$(SRCROOT)/ImageManagerDemo/Info.plist";
				IPHONEOS_DEPLOYMENT_TARGET = 8.0;
				LD_RUNPATH_SEARCH_PATHS = "$(inherited) @executable_path/Frameworks";
				PRODUCT_BUNDLE_IDENTIFIER = "com.3Pillar.$(PRODUCT_NAME:rfc1034identifier)";
				PRODUCT_NAME = ImageManagerDemo;
				PROVISIONING_PROFILE = "";
				SWIFT_VERSION = 4.0;
			};
			name = Debug;
		};
		1B44F9771B5D1D66001F1204 /* Release */ = {
			isa = XCBuildConfiguration;
			buildSettings = {
				ASSETCATALOG_COMPILER_APPICON_NAME = AppIcon;
				CODE_SIGN_IDENTITY = "";
				FRAMEWORK_SEARCH_PATHS = (
					"$(inherited)",
					"$(PROJECT_DIR)",
				);
				INFOPLIST_FILE = "$(SRCROOT)/ImageManagerDemo/Info.plist";
				IPHONEOS_DEPLOYMENT_TARGET = 8.0;
				LD_RUNPATH_SEARCH_PATHS = "$(inherited) @executable_path/Frameworks";
				PRODUCT_BUNDLE_IDENTIFIER = "com.3Pillar.$(PRODUCT_NAME:rfc1034identifier)";
				PRODUCT_NAME = ImageManagerDemo;
				PROVISIONING_PROFILE = "";
				SWIFT_VERSION = 4.0;
			};
			name = Release;
		};
		1B44F9791B5D1D66001F1204 /* Debug */ = {
			isa = XCBuildConfiguration;
			buildSettings = {
				BUNDLE_LOADER = "$(TEST_HOST)";
				FRAMEWORK_SEARCH_PATHS = (
					"$(SDKROOT)/Developer/Library/Frameworks",
					"$(inherited)",
				);
				GCC_PREPROCESSOR_DEFINITIONS = (
					"DEBUG=1",
					"$(inherited)",
				);
				INFOPLIST_FILE = ImageManagerTests/Info.plist;
				LD_RUNPATH_SEARCH_PATHS = "$(inherited) @executable_path/Frameworks @loader_path/Frameworks";
				PRODUCT_BUNDLE_IDENTIFIER = "com.3pillar.$(PRODUCT_NAME:rfc1034identifier)";
				PRODUCT_NAME = ImageManagerDemo;
				TEST_HOST = "$(BUILT_PRODUCTS_DIR)/ImageManagerDemo.app/ImageManagerDemo";
			};
			name = Debug;
		};
		1B44F97A1B5D1D66001F1204 /* Release */ = {
			isa = XCBuildConfiguration;
			buildSettings = {
				BUNDLE_LOADER = "$(TEST_HOST)";
				FRAMEWORK_SEARCH_PATHS = (
					"$(SDKROOT)/Developer/Library/Frameworks",
					"$(inherited)",
				);
				INFOPLIST_FILE = ImageManagerTests/Info.plist;
				LD_RUNPATH_SEARCH_PATHS = "$(inherited) @executable_path/Frameworks @loader_path/Frameworks";
				PRODUCT_BUNDLE_IDENTIFIER = "com.3pillar.$(PRODUCT_NAME:rfc1034identifier)";
				PRODUCT_NAME = ImageManagerDemo;
				TEST_HOST = "$(BUILT_PRODUCTS_DIR)/ImageManagerDemo.app/ImageManagerDemo";
			};
			name = Release;
		};
/* End XCBuildConfiguration section */

/* Begin XCConfigurationList section */
		1B44F9511B5D1D65001F1204 /* Build configuration list for PBXProject "ImageManagerDemo" */ = {
			isa = XCConfigurationList;
			buildConfigurations = (
				1B44F9731B5D1D66001F1204 /* Debug */,
				1B44F9741B5D1D66001F1204 /* Release */,
			);
			defaultConfigurationIsVisible = 0;
			defaultConfigurationName = Release;
		};
		1B44F9751B5D1D66001F1204 /* Build configuration list for PBXNativeTarget "ImageManagerDemo" */ = {
			isa = XCConfigurationList;
			buildConfigurations = (
				1B44F9761B5D1D66001F1204 /* Debug */,
				1B44F9771B5D1D66001F1204 /* Release */,
			);
			defaultConfigurationIsVisible = 0;
			defaultConfigurationName = Release;
		};
		1B44F9781B5D1D66001F1204 /* Build configuration list for PBXNativeTarget "ImageManagerDemoTests" */ = {
			isa = XCConfigurationList;
			buildConfigurations = (
				1B44F9791B5D1D66001F1204 /* Debug */,
				1B44F97A1B5D1D66001F1204 /* Release */,
			);
			defaultConfigurationIsVisible = 0;
			defaultConfigurationName = Release;
		};
/* End XCConfigurationList section */
	};
	rootObject = 1B44F94E1B5D1D65001F1204 /* Project object */;
}
